// !$*UTF8*$!
{
	archiveVersion = 1;
	classes = {
	};
	objectVersion = 48;
	objects = {

/* Begin PBXBuildFile section */
		E8A9C3A21F6EF5B10000AE10 /* LeagueVC.swift in Sources */ = {isa = PBXBuildFile; fileRef = E8A9C3A11F6EF5B10000AE10 /* LeagueVC.swift */; };
		E8A9C3A41F6EF5BD0000AE10 /* SkillVC.swift in Sources */ = {isa = PBXBuildFile; fileRef = E8A9C3A31F6EF5BD0000AE10 /* SkillVC.swift */; };
		E8D2E3A91F64D1880094915D /* AppDelegate.swift in Sources */ = {isa = PBXBuildFile; fileRef = E8D2E3A81F64D1880094915D /* AppDelegate.swift */; };
		E8D2E3AB1F64D1880094915D /* WelcomeVC.swift in Sources */ = {isa = PBXBuildFile; fileRef = E8D2E3AA1F64D1880094915D /* WelcomeVC.swift */; };
		E8D2E3AE1F64D1880094915D /* Main.storyboard in Resources */ = {isa = PBXBuildFile; fileRef = E8D2E3AC1F64D1880094915D /* Main.storyboard */; };
		E8D2E3B01F64D1880094915D /* Assets.xcassets in Resources */ = {isa = PBXBuildFile; fileRef = E8D2E3AF1F64D1880094915D /* Assets.xcassets */; };
		E8D2E3B31F64D1880094915D /* LaunchScreen.storyboard in Resources */ = {isa = PBXBuildFile; fileRef = E8D2E3B11F64D1880094915D /* LaunchScreen.storyboard */; };
		E8D2E3BE1F64D1880094915D /* app_swooshTests.swift in Sources */ = {isa = PBXBuildFile; fileRef = E8D2E3BD1F64D1880094915D /* app_swooshTests.swift */; };
		E8D2E3C91F64D1880094915D /* app_swooshUITests.swift in Sources */ = {isa = PBXBuildFile; fileRef = E8D2E3C81F64D1880094915D /* app_swooshUITests.swift */; };
		E8D2E3D81F689F320094915D /* BorderButton.swift in Sources */ = {isa = PBXBuildFile; fileRef = E8D2E3D71F689F320094915D /* BorderButton.swift */; };
/* End PBXBuildFile section */

/* Begin PBXContainerItemProxy section */
		E8D2E3BA1F64D1880094915D /* PBXContainerItemProxy */ = {
			isa = PBXContainerItemProxy;
			containerPortal = E8D2E39D1F64D1880094915D /* Project object */;
			proxyType = 1;
			remoteGlobalIDString = E8D2E3A41F64D1880094915D;
			remoteInfo = "app-swoosh";
		};
		E8D2E3C51F64D1880094915D /* PBXContainerItemProxy */ = {
			isa = PBXContainerItemProxy;
			containerPortal = E8D2E39D1F64D1880094915D /* Project object */;
			proxyType = 1;
			remoteGlobalIDString = E8D2E3A41F64D1880094915D;
			remoteInfo = "app-swoosh";
		};
/* End PBXContainerItemProxy section */

/* Begin PBXFileReference section */
		E8A9C3A11F6EF5B10000AE10 /* LeagueVC.swift */ = {isa = PBXFileReference; lastKnownFileType = sourcecode.swift; path = LeagueVC.swift; sourceTree = "<group>"; };
		E8A9C3A31F6EF5BD0000AE10 /* SkillVC.swift */ = {isa = PBXFileReference; lastKnownFileType = sourcecode.swift; path = SkillVC.swift; sourceTree = "<group>"; };
		E8D2E3A51F64D1880094915D /* app-swoosh.app */ = {isa = PBXFileReference; explicitFileType = wrapper.application; includeInIndex = 0; path = "app-swoosh.app"; sourceTree = BUILT_PRODUCTS_DIR; };
		E8D2E3A81F64D1880094915D /* AppDelegate.swift */ = {isa = PBXFileReference; lastKnownFileType = sourcecode.swift; path = AppDelegate.swift; sourceTree = "<group>"; };
		E8D2E3AA1F64D1880094915D /* WelcomeVC.swift */ = {isa = PBXFileReference; lastKnownFileType = sourcecode.swift; path = WelcomeVC.swift; sourceTree = "<group>"; };
		E8D2E3AD1F64D1880094915D /* Base */ = {isa = PBXFileReference; lastKnownFileType = file.storyboard; name = Base; path = Base.lproj/Main.storyboard; sourceTree = "<group>"; };
		E8D2E3AF1F64D1880094915D /* Assets.xcassets */ = {isa = PBXFileReference; lastKnownFileType = folder.assetcatalog; path = Assets.xcassets; sourceTree = "<group>"; };
		E8D2E3B21F64D1880094915D /* Base */ = {isa = PBXFileReference; lastKnownFileType = file.storyboard; name = Base; path = Base.lproj/LaunchScreen.storyboard; sourceTree = "<group>"; };
		E8D2E3B41F64D1880094915D /* Info.plist */ = {isa = PBXFileReference; lastKnownFileType = text.plist.xml; path = Info.plist; sourceTree = "<group>"; };
		E8D2E3B91F64D1880094915D /* app-swooshTests.xctest */ = {isa = PBXFileReference; explicitFileType = wrapper.cfbundle; includeInIndex = 0; path = "app-swooshTests.xctest"; sourceTree = BUILT_PRODUCTS_DIR; };
		E8D2E3BD1F64D1880094915D /* app_swooshTests.swift */ = {isa = PBXFileReference; lastKnownFileType = sourcecode.swift; path = app_swooshTests.swift; sourceTree = "<group>"; };
		E8D2E3BF1F64D1880094915D /* Info.plist */ = {isa = PBXFileReference; lastKnownFileType = text.plist.xml; path = Info.plist; sourceTree = "<group>"; };
		E8D2E3C41F64D1880094915D /* app-swooshUITests.xctest */ = {isa = PBXFileReference; explicitFileType = wrapper.cfbundle; includeInIndex = 0; path = "app-swooshUITests.xctest"; sourceTree = BUILT_PRODUCTS_DIR; };
		E8D2E3C81F64D1880094915D /* app_swooshUITests.swift */ = {isa = PBXFileReference; lastKnownFileType = sourcecode.swift; path = app_swooshUITests.swift; sourceTree = "<group>"; };
		E8D2E3CA1F64D1880094915D /* Info.plist */ = {isa = PBXFileReference; lastKnownFileType = text.plist.xml; path = Info.plist; sourceTree = "<group>"; };
		E8D2E3D71F689F320094915D /* BorderButton.swift */ = {isa = PBXFileReference; lastKnownFileType = sourcecode.swift; path = BorderButton.swift; sourceTree = "<group>"; };
/* End PBXFileReference section */

/* Begin PBXFrameworksBuildPhase section */
		E8D2E3A21F64D1880094915D /* Frameworks */ = {
			isa = PBXFrameworksBuildPhase;
			buildActionMask = 2147483647;
			files = (
			);
			runOnlyForDeploymentPostprocessing = 0;
		};
		E8D2E3B61F64D1880094915D /* Frameworks */ = {
			isa = PBXFrameworksBuildPhase;
			buildActionMask = 2147483647;
			files = (
			);
			runOnlyForDeploymentPostprocessing = 0;
		};
		E8D2E3C11F64D1880094915D /* Frameworks */ = {
			isa = PBXFrameworksBuildPhase;
			buildActionMask = 2147483647;
			files = (
			);
			runOnlyForDeploymentPostprocessing = 0;
		};
/* End PBXFrameworksBuildPhase section */

/* Begin PBXGroup section */
		E8A9C39F1F6EF4A80000AE10 /* Controller */ = {
			isa = PBXGroup;
			children = (
				E8D2E3AA1F64D1880094915D /* WelcomeVC.swift */,
				E8A9C3A11F6EF5B10000AE10 /* LeagueVC.swift */,
				E8A9C3A31F6EF5BD0000AE10 /* SkillVC.swift */,
			);
			path = Controller;
			sourceTree = "<group>";
		};
		E8A9C3A01F6EF4C30000AE10 /* Model */ = {
			isa = PBXGroup;
			children = (
			);
			path = Model;
			sourceTree = "<group>";
		};
		E8D2E39C1F64D1880094915D = {
			isa = PBXGroup;
			children = (
				E8D2E3A71F64D1880094915D /* app-swoosh */,
				E8D2E3BC1F64D1880094915D /* app-swooshTests */,
				E8D2E3C71F64D1880094915D /* app-swooshUITests */,
				E8D2E3A61F64D1880094915D /* Products */,
			);
			sourceTree = "<group>";
		};
		E8D2E3A61F64D1880094915D /* Products */ = {
			isa = PBXGroup;
			children = (
				E8D2E3A51F64D1880094915D /* app-swoosh.app */,
				E8D2E3B91F64D1880094915D /* app-swooshTests.xctest */,
				E8D2E3C41F64D1880094915D /* app-swooshUITests.xctest */,
			);
			name = Products;
			sourceTree = "<group>";
		};
		E8D2E3A71F64D1880094915D /* app-swoosh */ = {
			isa = PBXGroup;
			children = (
				E8A9C3A01F6EF4C30000AE10 /* Model */,
				E8A9C39F1F6EF4A80000AE10 /* Controller */,
				E8D2E3D61F689ED30094915D /* View */,
				E8D2E3A81F64D1880094915D /* AppDelegate.swift */,
				E8D2E3AC1F64D1880094915D /* Main.storyboard */,
				E8D2E3AF1F64D1880094915D /* Assets.xcassets */,
				E8D2E3B11F64D1880094915D /* LaunchScreen.storyboard */,
				E8D2E3B41F64D1880094915D /* Info.plist */,
			);
			path = "app-swoosh";
			sourceTree = "<group>";
		};
		E8D2E3BC1F64D1880094915D /* app-swooshTests */ = {
			isa = PBXGroup;
			children = (
				E8D2E3BD1F64D1880094915D /* app_swooshTests.swift */,
				E8D2E3BF1F64D1880094915D /* Info.plist */,
			);
			path = "app-swooshTests";
			sourceTree = "<group>";
		};
		E8D2E3C71F64D1880094915D /* app-swooshUITests */ = {
			isa = PBXGroup;
			children = (
				E8D2E3C81F64D1880094915D /* app_swooshUITests.swift */,
				E8D2E3CA1F64D1880094915D /* Info.plist */,
			);
			path = "app-swooshUITests";
			sourceTree = "<group>";
		};
		E8D2E3D61F689ED30094915D /* View */ = {
			isa = PBXGroup;
			children = (
				E8D2E3D71F689F320094915D /* BorderButton.swift */,
			);
			path = View;
			sourceTree = "<group>";
		};
/* End PBXGroup section */

/* Begin PBXNativeTarget section */
		E8D2E3A41F64D1880094915D /* app-swoosh */ = {
			isa = PBXNativeTarget;
			buildConfigurationList = E8D2E3CD1F64D1880094915D /* Build configuration list for PBXNativeTarget "app-swoosh" */;
			buildPhases = (
				E8D2E3A11F64D1880094915D /* Sources */,
				E8D2E3A21F64D1880094915D /* Frameworks */,
				E8D2E3A31F64D1880094915D /* Resources */,
			);
			buildRules = (
			);
			dependencies = (
			);
			name = "app-swoosh";
			productName = "app-swoosh";
			productReference = E8D2E3A51F64D1880094915D /* app-swoosh.app */;
			productType = "com.apple.product-type.application";
		};
		E8D2E3B81F64D1880094915D /* app-swooshTests */ = {
			isa = PBXNativeTarget;
			buildConfigurationList = E8D2E3D01F64D1880094915D /* Build configuration list for PBXNativeTarget "app-swooshTests" */;
			buildPhases = (
				E8D2E3B51F64D1880094915D /* Sources */,
				E8D2E3B61F64D1880094915D /* Frameworks */,
				E8D2E3B71F64D1880094915D /* Resources */,
			);
			buildRules = (
			);
			dependencies = (
				E8D2E3BB1F64D1880094915D /* PBXTargetDependency */,
			);
			name = "app-swooshTests";
			productName = "app-swooshTests";
			productReference = E8D2E3B91F64D1880094915D /* app-swooshTests.xctest */;
			productType = "com.apple.product-type.bundle.unit-test";
		};
		E8D2E3C31F64D1880094915D /* app-swooshUITests */ = {
			isa = PBXNativeTarget;
			buildConfigurationList = E8D2E3D31F64D1880094915D /* Build configuration list for PBXNativeTarget "app-swooshUITests" */;
			buildPhases = (
				E8D2E3C01F64D1880094915D /* Sources */,
				E8D2E3C11F64D1880094915D /* Frameworks */,
				E8D2E3C21F64D1880094915D /* Resources */,
			);
			buildRules = (
			);
			dependencies = (
				E8D2E3C61F64D1880094915D /* PBXTargetDependency */,
			);
			name = "app-swooshUITests";
			productName = "app-swooshUITests";
			productReference = E8D2E3C41F64D1880094915D /* app-swooshUITests.xctest */;
			productType = "com.apple.product-type.bundle.ui-testing";
		};
/* End PBXNativeTarget section */

/* Begin PBXProject section */
		E8D2E39D1F64D1880094915D /* Project object */ = {
			isa = PBXProject;
			attributes = {
				LastSwiftUpdateCheck = 0900;
				LastUpgradeCheck = 0900;
				ORGANIZATIONNAME = "Ryland Arnold";
				TargetAttributes = {
					E8D2E3A41F64D1880094915D = {
						CreatedOnToolsVersion = 9.0;
						ProvisioningStyle = Automatic;
					};
					E8D2E3B81F64D1880094915D = {
						CreatedOnToolsVersion = 9.0;
						ProvisioningStyle = Automatic;
						TestTargetID = E8D2E3A41F64D1880094915D;
					};
					E8D2E3C31F64D1880094915D = {
						CreatedOnToolsVersion = 9.0;
						ProvisioningStyle = Automatic;
						TestTargetID = E8D2E3A41F64D1880094915D;
					};
				};
			};
			buildConfigurationList = E8D2E3A01F64D1880094915D /* Build configuration list for PBXProject "app-swoosh" */;
			compatibilityVersion = "Xcode 8.0";
			developmentRegion = en;
			hasScannedForEncodings = 0;
			knownRegions = (
				en,
				Base,
			);
			mainGroup = E8D2E39C1F64D1880094915D;
			productRefGroup = E8D2E3A61F64D1880094915D /* Products */;
			projectDirPath = "";
			projectRoot = "";
			targets = (
				E8D2E3A41F64D1880094915D /* app-swoosh */,
				E8D2E3B81F64D1880094915D /* app-swooshTests */,
				E8D2E3C31F64D1880094915D /* app-swooshUITests */,
			);
		};
/* End PBXProject section */

/* Begin PBXResourcesBuildPhase section */
		E8D2E3A31F64D1880094915D /* Resources */ = {
			isa = PBXResourcesBuildPhase;
			buildActionMask = 2147483647;
			files = (
				E8D2E3B31F64D1880094915D /* LaunchScreen.storyboard in Resources */,
				E8D2E3B01F64D1880094915D /* Assets.xcassets in Resources */,
				E8D2E3AE1F64D1880094915D /* Main.storyboard in Resources */,
			);
			runOnlyForDeploymentPostprocessing = 0;
		};
		E8D2E3B71F64D1880094915D /* Resources */ = {
			isa = PBXResourcesBuildPhase;
			buildActionMask = 2147483647;
			files = (
			);
			runOnlyForDeploymentPostprocessing = 0;
		};
		E8D2E3C21F64D1880094915D /* Resources */ = {
			isa = PBXResourcesBuildPhase;
			buildActionMask = 2147483647;
			files = (
			);
			runOnlyForDeploymentPostprocessing = 0;
		};
/* End PBXResourcesBuildPhase section */

/* Begin PBXSourcesBuildPhase section */
		E8D2E3A11F64D1880094915D /* Sources */ = {
			isa = PBXSourcesBuildPhase;
			buildActionMask = 2147483647;
			files = (
				E8D2E3AB1F64D1880094915D /* WelcomeVC.swift in Sources */,
				E8A9C3A21F6EF5B10000AE10 /* LeagueVC.swift in Sources */,
				E8D2E3A91F64D1880094915D /* AppDelegate.swift in Sources */,
				E8A9C3A41F6EF5BD0000AE10 /* SkillVC.swift in Sources */,
				E8D2E3D81F689F320094915D /* BorderButton.swift in Sources */,
			);
			runOnlyForDeploymentPostprocessing = 0;
		};
		E8D2E3B51F64D1880094915D /* Sources */ = {
			isa = PBXSourcesBuildPhase;
			buildActionMask = 2147483647;
			files = (
				E8D2E3BE1F64D1880094915D /* app_swooshTests.swift in Sources */,
			);
			runOnlyForDeploymentPostprocessing = 0;
		};
		E8D2E3C01F64D1880094915D /* Sources */ = {
			isa = PBXSourcesBuildPhase;
			buildActionMask = 2147483647;
			files = (
				E8D2E3C91F64D1880094915D /* app_swooshUITests.swift in Sources */,
			);
			runOnlyForDeploymentPostprocessing = 0;
		};
/* End PBXSourcesBuildPhase section */

/* Begin PBXTargetDependency section */
		E8D2E3BB1F64D1880094915D /* PBXTargetDependency */ = {
			isa = PBXTargetDependency;
			target = E8D2E3A41F64D1880094915D /* app-swoosh */;
			targetProxy = E8D2E3BA1F64D1880094915D /* PBXContainerItemProxy */;
		};
		E8D2E3C61F64D1880094915D /* PBXTargetDependency */ = {
			isa = PBXTargetDependency;
			target = E8D2E3A41F64D1880094915D /* app-swoosh */;
			targetProxy = E8D2E3C51F64D1880094915D /* PBXContainerItemProxy */;
		};
/* End PBXTargetDependency section */

/* Begin PBXVariantGroup section */
		E8D2E3AC1F64D1880094915D /* Main.storyboard */ = {
			isa = PBXVariantGroup;
			children = (
				E8D2E3AD1F64D1880094915D /* Base */,
			);
			name = Main.storyboard;
			sourceTree = "<group>";
		};
		E8D2E3B11F64D1880094915D /* LaunchScreen.storyboard */ = {
			isa = PBXVariantGroup;
			children = (
				E8D2E3B21F64D1880094915D /* Base */,
			);
			name = LaunchScreen.storyboard;
			sourceTree = "<group>";
		};
/* End PBXVariantGroup section */

/* Begin XCBuildConfiguration section */
		E8D2E3CB1F64D1880094915D /* Debug */ = {
			isa = XCBuildConfiguration;
			buildSettings = {
				ALWAYS_SEARCH_USER_PATHS = NO;
				CLANG_ANALYZER_NONNULL = YES;
				CLANG_ANALYZER_NUMBER_OBJECT_CONVERSION = YES_AGGRESSIVE;
				CLANG_CXX_LANGUAGE_STANDARD = "gnu++14";
				CLANG_CXX_LIBRARY = "libc++";
				CLANG_ENABLE_MODULES = YES;
				CLANG_ENABLE_OBJC_ARC = YES;
				CLANG_WARN_BLOCK_CAPTURE_AUTORELEASING = YES;
				CLANG_WARN_BOOL_CONVERSION = YES;
				CLANG_WARN_COMMA = YES;
				CLANG_WARN_CONSTANT_CONVERSION = YES;
				CLANG_WARN_DIRECT_OBJC_ISA_USAGE = YES_ERROR;
				CLANG_WARN_DOCUMENTATION_COMMENTS = YES;
				CLANG_WARN_EMPTY_BODY = YES;
				CLANG_WARN_ENUM_CONVERSION = YES;
				CLANG_WARN_INFINITE_RECURSION = YES;
				CLANG_WARN_INT_CONVERSION = YES;
				CLANG_WARN_NON_LITERAL_NULL_CONVERSION = YES;
				CLANG_WARN_OBJC_LITERAL_CONVERSION = YES;
				CLANG_WARN_OBJC_ROOT_CLASS = YES_ERROR;
				CLANG_WARN_RANGE_LOOP_ANALYSIS = YES;
				CLANG_WARN_STRICT_PROTOTYPES = YES;
				CLANG_WARN_SUSPICIOUS_MOVE = YES;
				CLANG_WARN_UNGUARDED_AVAILABILITY = YES_AGGRESSIVE;
				CLANG_WARN_UNREACHABLE_CODE = YES;
				CLANG_WARN__DUPLICATE_METHOD_MATCH = YES;
				CODE_SIGN_IDENTITY = "iPhone Developer";
				COPY_PHASE_STRIP = NO;
				DEBUG_INFORMATION_FORMAT = dwarf;
				ENABLE_STRICT_OBJC_MSGSEND = YES;
				ENABLE_TESTABILITY = YES;
				GCC_C_LANGUAGE_STANDARD = gnu11;
				GCC_DYNAMIC_NO_PIC = NO;
				GCC_NO_COMMON_BLOCKS = YES;
				GCC_OPTIMIZATION_LEVEL = 0;
				GCC_PREPROCESSOR_DEFINITIONS = (
					"DEBUG=1",
					"$(inherited)",
				);
				GCC_WARN_64_TO_32_BIT_CONVERSION = YES;
				GCC_WARN_ABOUT_RETURN_TYPE = YES_ERROR;
				GCC_WARN_UNDECLARED_SELECTOR = YES;
				GCC_WARN_UNINITIALIZED_AUTOS = YES_AGGRESSIVE;
				GCC_WARN_UNUSED_FUNCTION = YES;
				GCC_WARN_UNUSED_VARIABLE = YES;
				IPHONEOS_DEPLOYMENT_TARGET = 11.0;
				MTL_ENABLE_DEBUG_INFO = YES;
				ONLY_ACTIVE_ARCH = YES;
				SDKROOT = iphoneos;
				SWIFT_ACTIVE_COMPILATION_CONDITIONS = DEBUG;
				SWIFT_OPTIMIZATION_LEVEL = "-Onone";
			};
			name = Debug;
		};
		E8D2E3CC1F64D1880094915D /* Release */ = {
			isa = XCBuildConfiguration;
			buildSettings = {
				ALWAYS_SEARCH_USER_PATHS = NO;
				CLANG_ANALYZER_NONNULL = YES;
				CLANG_ANALYZER_NUMBER_OBJECT_CONVERSION = YES_AGGRESSIVE;
				CLANG_CXX_LANGUAGE_STANDARD = "gnu++14";
				CLANG_CXX_LIBRARY = "libc++";
				CLANG_ENABLE_MODULES = YES;
				CLANG_ENABLE_OBJC_ARC = YES;
				CLANG_WARN_BLOCK_CAPTURE_AUTORELEASING = YES;
				CLANG_WARN_BOOL_CONVERSION = YES;
				CLANG_WARN_COMMA = YES;
				CLANG_WARN_CONSTANT_CONVERSION = YES;
				CLANG_WARN_DIRECT_OBJC_ISA_USAGE = YES_ERROR;
				CLANG_WARN_DOCUMENTATION_COMMENTS = YES;
				CLANG_WARN_EMPTY_BODY = YES;
				CLANG_WARN_ENUM_CONVERSION = YES;
				CLANG_WARN_INFINITE_RECURSION = YES;
				CLANG_WARN_INT_CONVERSION = YES;
				CLANG_WARN_NON_LITERAL_NULL_CONVERSION = YES;
				CLANG_WARN_OBJC_LITERAL_CONVERSION = YES;
				CLANG_WARN_OBJC_ROOT_CLASS = YES_ERROR;
				CLANG_WARN_RANGE_LOOP_ANALYSIS = YES;
				CLANG_WARN_STRICT_PROTOTYPES = YES;
				CLANG_WARN_SUSPICIOUS_MOVE = YES;
				CLANG_WARN_UNGUARDED_AVAILABILITY = YES_AGGRESSIVE;
				CLANG_WARN_UNREACHABLE_CODE = YES;
				CLANG_WARN__DUPLICATE_METHOD_MATCH = YES;
				CODE_SIGN_IDENTITY = "iPhone Developer";
				COPY_PHASE_STRIP = NO;
				DEBUG_INFORMATION_FORMAT = "dwarf-with-dsym";
				ENABLE_NS_ASSERTIONS = NO;
				ENABLE_STRICT_OBJC_MSGSEND = YES;
				GCC_C_LANGUAGE_STANDARD = gnu11;
				GCC_NO_COMMON_BLOCKS = YES;
				GCC_WARN_64_TO_32_BIT_CONVERSION = YES;
				GCC_WARN_ABOUT_RETURN_TYPE = YES_ERROR;
				GCC_WARN_UNDECLARED_SELECTOR = YES;
				GCC_WARN_UNINITIALIZED_AUTOS = YES_AGGRESSIVE;
				GCC_WARN_UNUSED_FUNCTION = YES;
				GCC_WARN_UNUSED_VARIABLE = YES;
				IPHONEOS_DEPLOYMENT_TARGET = 11.0;
				MTL_ENABLE_DEBUG_INFO = NO;
				SDKROOT = iphoneos;
				SWIFT_OPTIMIZATION_LEVEL = "-Owholemodule";
				VALIDATE_PRODUCT = YES;
			};
			name = Release;
		};
		E8D2E3CE1F64D1880094915D /* Debug */ = {
			isa = XCBuildConfiguration;
			buildSettings = {
				ASSETCATALOG_COMPILER_APPICON_NAME = AppIcon;
				CODE_SIGN_STYLE = Automatic;
				INFOPLIST_FILE = "app-swoosh/Info.plist";
				LD_RUNPATH_SEARCH_PATHS = "$(inherited) @executable_path/Frameworks";
				PRODUCT_BUNDLE_IDENTIFIER = "ryland.app-swoosh";
				PRODUCT_NAME = "$(TARGET_NAME)";
				SWIFT_VERSION = 4.0;
				TARGETED_DEVICE_FAMILY = "1,2";
			};
			name = Debug;
		};
		E8D2E3CF1F64D1880094915D /* Release */ = {
			isa = XCBuildConfiguration;
			buildSettings = {
				ASSETCATALOG_COMPILER_APPICON_NAME = AppIcon;
				CODE_SIGN_STYLE = Automatic;
				INFOPLIST_FILE = "app-swoosh/Info.plist";
				LD_RUNPATH_SEARCH_PATHS = "$(inherited) @executable_path/Frameworks";
				PRODUCT_BUNDLE_IDENTIFIER = "ryland.app-swoosh";
				PRODUCT_NAME = "$(TARGET_NAME)";
				SWIFT_VERSION = 4.0;
				TARGETED_DEVICE_FAMILY = "1,2";
			};
			name = Release;
		};
		E8D2E3D11F64D1880094915D /* Debug */ = {
			isa = XCBuildConfiguration;
			buildSettings = {
				ALWAYS_EMBED_SWIFT_STANDARD_LIBRARIES = YES;
				BUNDLE_LOADER = "$(TEST_HOST)";
				CODE_SIGN_STYLE = Automatic;
				INFOPLIST_FILE = "app-swooshTests/Info.plist";
				LD_RUNPATH_SEARCH_PATHS = "$(inherited) @executable_path/Frameworks @loader_path/Frameworks";
				PRODUCT_BUNDLE_IDENTIFIER = "ryland.app-swooshTests";
				PRODUCT_NAME = "$(TARGET_NAME)";
				SWIFT_VERSION = 4.0;
				TARGETED_DEVICE_FAMILY = "1,2";
				TEST_HOST = "$(BUILT_PRODUCTS_DIR)/app-swoosh.app/app-swoosh";
			};
			name = Debug;
		};
		E8D2E3D21F64D1880094915D /* Release */ = {
			isa = XCBuildConfiguration;
			buildSettings = {
				ALWAYS_EMBED_SWIFT_STANDARD_LIBRARIES = YES;
				BUNDLE_LOADER = "$(TEST_HOST)";
				CODE_SIGN_STYLE = Automatic;
				INFOPLIST_FILE = "app-swooshTests/Info.plist";
				LD_RUNPATH_SEARCH_PATHS = "$(inherited) @executable_path/Frameworks @loader_path/Frameworks";
				PRODUCT_BUNDLE_IDENTIFIER = "ryland.app-swooshTests";
				PRODUCT_NAME = "$(TARGET_NAME)";
				SWIFT_VERSION = 4.0;
				TARGETED_DEVICE_FAMILY = "1,2";
				TEST_HOST = "$(BUILT_PRODUCTS_DIR)/app-swoosh.app/app-swoosh";
			};
			name = Release;
		};
		E8D2E3D41F64D1880094915D /* Debug */ = {
			isa = XCBuildConfiguration;
			buildSettings = {
				ALWAYS_EMBED_SWIFT_STANDARD_LIBRARIES = YES;
				CODE_SIGN_STYLE = Automatic;
				INFOPLIST_FILE = "app-swooshUITests/Info.plist";
				LD_RUNPATH_SEARCH_PATHS = "$(inherited) @executable_path/Frameworks @loader_path/Frameworks";
				PRODUCT_BUNDLE_IDENTIFIER = "ryland.app-swooshUITests";
				PRODUCT_NAME = "$(TARGET_NAME)";
				SWIFT_VERSION = 4.0;
				TARGETED_DEVICE_FAMILY = "1,2";
				TEST_TARGET_NAME = "app-swoosh";
			};
			name = Debug;
		};
		E8D2E3D51F64D1880094915D /* Release */ = {
			isa = XCBuildConfiguration;
			buildSettings = {
				ALWAYS_EMBED_SWIFT_STANDARD_LIBRARIES = YES;
				CODE_SIGN_STYLE = Automatic;
				INFOPLIST_FILE = "app-swooshUITests/Info.plist";
				LD_RUNPATH_SEARCH_PATHS = "$(inherited) @executable_path/Frameworks @loader_path/Frameworks";
				PRODUCT_BUNDLE_IDENTIFIER = "ryland.app-swooshUITests";
				PRODUCT_NAME = "$(TARGET_NAME)";
				SWIFT_VERSION = 4.0;
				TARGETED_DEVICE_FAMILY = "1,2";
				TEST_TARGET_NAME = "app-swoosh";
			};
			name = Release;
		};
/* End XCBuildConfiguration section */

/* Begin XCConfigurationList section */
		E8D2E3A01F64D1880094915D /* Build configuration list for PBXProject "app-swoosh" */ = {
			isa = XCConfigurationList;
			buildConfigurations = (
				E8D2E3CB1F64D1880094915D /* Debug */,
				E8D2E3CC1F64D1880094915D /* Release */,
			);
			defaultConfigurationIsVisible = 0;
			defaultConfigurationName = Release;
		};
		E8D2E3CD1F64D1880094915D /* Build configuration list for PBXNativeTarget "app-swoosh" */ = {
			isa = XCConfigurationList;
			buildConfigurations = (
				E8D2E3CE1F64D1880094915D /* Debug */,
				E8D2E3CF1F64D1880094915D /* Release */,
			);
			defaultConfigurationIsVisible = 0;
			defaultConfigurationName = Release;
		};
		E8D2E3D01F64D1880094915D /* Build configuration list for PBXNativeTarget "app-swooshTests" */ = {
			isa = XCConfigurationList;
			buildConfigurations = (
				E8D2E3D11F64D1880094915D /* Debug */,
				E8D2E3D21F64D1880094915D /* Release */,
			);
			defaultConfigurationIsVisible = 0;
			defaultConfigurationName = Release;
		};
		E8D2E3D31F64D1880094915D /* Build configuration list for PBXNativeTarget "app-swooshUITests" */ = {
			isa = XCConfigurationList;
			buildConfigurations = (
				E8D2E3D41F64D1880094915D /* Debug */,
				E8D2E3D51F64D1880094915D /* Release */,
			);
			defaultConfigurationIsVisible = 0;
			defaultConfigurationName = Release;
		};
/* End XCConfigurationList section */
	};
	rootObject = E8D2E39D1F64D1880094915D /* Project object */;
}
